Microsoft Visual Studio Solution File, Format Version 12.00
Project("{514d1c51-b360-475a-82c3-b1c80cb5bf47}") = "Sandbox", "..\packages\Sandbox\Files\Sandbox.csproj", "{7f3c4603-57e8-46ae-a457-ef41cf581847}"
EndProject
Global
	GlobalSection(SolutionConfigurationPlatforms) = preSolution
		Debug|Any CPU = Debug|Any CPU
		Release|Any CPU = Release|Any CPU
	EndGlobalSection
	GlobalSection(ProjectConfigurationPlatforms) = postSolution
			{7f3c4603-57e8-46ae-a457-ef41cf581847}.Debug|Any CPU.ActiveCfg = Debug|Any CPU
			{7f3c4603-57e8-46ae-a457-ef41cf581847}.Debug|Any CPU.Build.0 = Debug|Any CPU
			{7f3c4603-57e8-46ae-a457-ef41cf581847}.Release|Any CPU.ActiveCfg = Release|Any CPU
			{7f3c4603-57e8-46ae-a457-ef41cf581847}.Release|Any CPU.Build.0 = Release|Any CPU
	EndGlobalSection
EndGlobal
