Microsoft Visual Studio Solution File, Format Version 12.00
Project("{6f63d794-d7c7-4162-b4e5-1fa9e99f39a4}") = "Sandbox", "..\packages\Sandbox\Files\Sandbox.csproj", "{2cbece6d-fe9a-41f5-8d91-d491445a23e1}"
EndProject
Global
	GlobalSection(SolutionConfigurationPlatforms) = preSolution
		Debug|Any CPU = Debug|Any CPU
		Release|Any CPU = Release|Any CPU
	EndGlobalSection
	GlobalSection(ProjectConfigurationPlatforms) = postSolution
			{2cbece6d-fe9a-41f5-8d91-d491445a23e1}.Debug|Any CPU.ActiveCfg = Debug|Any CPU
			{2cbece6d-fe9a-41f5-8d91-d491445a23e1}.Debug|Any CPU.Build.0 = Debug|Any CPU
			{2cbece6d-fe9a-41f5-8d91-d491445a23e1}.Release|Any CPU.ActiveCfg = Release|Any CPU
			{2cbece6d-fe9a-41f5-8d91-d491445a23e1}.Release|Any CPU.Build.0 = Release|Any CPU
	EndGlobalSection
EndGlobal
