Microsoft Visual Studio Solution File, Format Version 12.00
Project("{6a8fbd11-28ec-42ba-a7dd-9b168acbe45f}") = "Sandbox", "..\packages\Sandbox\Files\Sandbox.csproj", "{9323f887-80db-448b-8f80-8f0b54d07125}"
EndProject
Global
	GlobalSection(SolutionConfigurationPlatforms) = preSolution
		Debug|Any CPU = Debug|Any CPU
		Release|Any CPU = Release|Any CPU
	EndGlobalSection
	GlobalSection(ProjectConfigurationPlatforms) = postSolution
			{9323f887-80db-448b-8f80-8f0b54d07125}.Debug|Any CPU.ActiveCfg = Debug|Any CPU
			{9323f887-80db-448b-8f80-8f0b54d07125}.Debug|Any CPU.Build.0 = Debug|Any CPU
			{9323f887-80db-448b-8f80-8f0b54d07125}.Release|Any CPU.ActiveCfg = Release|Any CPU
			{9323f887-80db-448b-8f80-8f0b54d07125}.Release|Any CPU.Build.0 = Release|Any CPU
	EndGlobalSection
EndGlobal
